
Microsoft Visual Studio Solution File, Format Version 12.00
# Visual Studio Version 17
VisualStudioVersion = 17.14.36202.13
MinimumVisualStudioVersion = 10.0.40219.1
Project("{2150E333-8FDC-42A3-9474-1A3956D46DE8}") = "1. Domain", "1. Domain", "{02EA681E-C7D8-13C7-8484-4AC65E1B71E8}"
EndProject
Project("{2150E333-8FDC-42A3-9474-1A3956D46DE8}") = "2. Application", "2. Application", "{13645A99-6186-4CC6-B0EB-129FA6B9E221}"
EndProject
Project("{2150E333-8FDC-42A3-9474-1A3956D46DE8}") = "3. Infrastructure", "3. Infrastructure", "{5087E0F1-A252-417D-8303-5F5F942C6671}"
EndProject
Project("{FAE04EC0-301F-11D3-BF4B-00C04F79EFBC}") = "Project.Domain", "Project.Domain\Project.Domain.csproj", "{BB58080C-FDEE-4C92-ACF5-910CC7CA728A}"
EndProject
Project("{FAE04EC0-301F-11D3-BF4B-00C04F79EFBC}") = "Project.Infrastructure", "Project.Infrastructure\Project.Infrastructure.csproj", "{719B72C0-EE8A-496B-8C8F-61A5ED06188F}"
EndProject
Project("{FAE04EC0-301F-11D3-BF4B-00C04F79EFBC}") = "Project.Application", "Project.Application\Project.Application.csproj", "{319DC425-3886-4781-B0BB-5C2EE0E0D1E7}"
EndProject
Global
	GlobalSection(SolutionConfigurationPlatforms) = preSolution
		Debug|Any CPU = Debug|Any CPU
		Release|Any CPU = Release|Any CPU
	EndGlobalSection
	GlobalSection(ProjectConfigurationPlatforms) = postSolution
		{BB58080C-FDEE-4C92-ACF5-910CC7CA728A}.Debug|Any CPU.ActiveCfg = Debug|Any CPU
		{BB58080C-FDEE-4C92-ACF5-910CC7CA728A}.Debug|Any CPU.Build.0 = Debug|Any CPU
		{BB58080C-FDEE-4C92-ACF5-910CC7CA728A}.Release|Any CPU.ActiveCfg = Release|Any CPU
		{BB58080C-FDEE-4C92-ACF5-910CC7CA728A}.Release|Any CPU.Build.0 = Release|Any CPU
		{719B72C0-EE8A-496B-8C8F-61A5ED06188F}.Debug|Any CPU.ActiveCfg = Debug|Any CPU
		{719B72C0-EE8A-496B-8C8F-61A5ED06188F}.Debug|Any CPU.Build.0 = Debug|Any CPU
		{719B72C0-EE8A-496B-8C8F-61A5ED06188F}.Release|Any CPU.ActiveCfg = Release|Any CPU
		{719B72C0-EE8A-496B-8C8F-61A5ED06188F}.Release|Any CPU.Build.0 = Release|Any CPU
		{319DC425-3886-4781-B0BB-5C2EE0E0D1E7}.Debug|Any CPU.ActiveCfg = Debug|Any CPU
		{319DC425-3886-4781-B0BB-5C2EE0E0D1E7}.Debug|Any CPU.Build.0 = Debug|Any CPU
		{319DC425-3886-4781-B0BB-5C2EE0E0D1E7}.Release|Any CPU.ActiveCfg = Release|Any CPU
		{319DC425-3886-4781-B0BB-5C2EE0E0D1E7}.Release|Any CPU.Build.0 = Release|Any CPU
	EndGlobalSection
	GlobalSection(SolutionProperties) = preSolution
		HideSolutionNode = FALSE
	EndGlobalSection
	GlobalSection(NestedProjects) = preSolution
		{BB58080C-FDEE-4C92-ACF5-910CC7CA728A} = {02EA681E-C7D8-13C7-8484-4AC65E1B71E8}
		{719B72C0-EE8A-496B-8C8F-61A5ED06188F} = {5087E0F1-A252-417D-8303-5F5F942C6671}
		{319DC425-3886-4781-B0BB-5C2EE0E0D1E7} = {13645A99-6186-4CC6-B0EB-129FA6B9E221}
	EndGlobalSection
	GlobalSection(ExtensibilityGlobals) = postSolution
		SolutionGuid = {AA75D4F8-B2D0-45AE-8797-2187FAE8597D}
	EndGlobalSection
EndGlobal
